
Microsoft Visual Studio Solution File, Format Version 12.00
# Visual Studio Version 16
VisualStudioVersion = 16.0.30128.74
MinimumVisualStudioVersion = 10.0.40219.1
Project("{FAE04EC0-301F-11D3-BF4B-00C04F79EFBC}") = "Bodoconsult.Core.Pdf", "Bodoconsult.Core.Pdf\Bodoconsult.Core.Pdf.csproj", "{1FA2D44E-3587-4B5D-8F32-4341CF71531A}"
EndProject
Project("{FAE04EC0-301F-11D3-BF4B-00C04F79EFBC}") = "Bodoconsult.Core.Pdf.Test", "Bodoconsult.Core.Pdf.Test\Bodoconsult.Core.Pdf.Test.csproj", "{567F741D-DD03-484E-B6B4-6AE9D13C8853}"
EndProject
Global
	GlobalSection(SolutionConfigurationPlatforms) = preSolution
		Debug|Any CPU = Debug|Any CPU
		Release|Any CPU = Release|Any CPU
	EndGlobalSection
	GlobalSection(ProjectConfigurationPlatforms) = postSolution
		{1FA2D44E-3587-4B5D-8F32-4341CF71531A}.Debug|Any CPU.ActiveCfg = Debug|Any CPU
		{1FA2D44E-3587-4B5D-8F32-4341CF71531A}.Debug|Any CPU.Build.0 = Debug|Any CPU
		{1FA2D44E-3587-4B5D-8F32-4341CF71531A}.Release|Any CPU.ActiveCfg = Release|Any CPU
		{1FA2D44E-3587-4B5D-8F32-4341CF71531A}.Release|Any CPU.Build.0 = Release|Any CPU
		{567F741D-DD03-484E-B6B4-6AE9D13C8853}.Debug|Any CPU.ActiveCfg = Debug|Any CPU
		{567F741D-DD03-484E-B6B4-6AE9D13C8853}.Debug|Any CPU.Build.0 = Debug|Any CPU
		{567F741D-DD03-484E-B6B4-6AE9D13C8853}.Release|Any CPU.ActiveCfg = Release|Any CPU
		{567F741D-DD03-484E-B6B4-6AE9D13C8853}.Release|Any CPU.Build.0 = Release|Any CPU
	EndGlobalSection
	GlobalSection(SolutionProperties) = preSolution
		HideSolutionNode = FALSE
	EndGlobalSection
	GlobalSection(ExtensibilityGlobals) = postSolution
		SolutionGuid = {1A972C9D-AF37-4B0F-9023-1A7EBBD32873}
	EndGlobalSection
EndGlobal
